{
  "name": "part6",
  "lockfileVersion": 2,
  "requires": true,
  "packages": {
    "": {
      "devDependencies": {
        "deep-freeze": "^0.0.1"
      }
    },
    "node_modules/deep-freeze": {
      "version": "0.0.1",
      "resolved": "https://registry.npmjs.org/deep-freeze/-/deep-freeze-0.0.1.tgz",
      "integrity": "sha1-OgsABd4YZygZ39OM0x+RF5yJPoQ=",
      "dev": true
    }
  },
  "dependencies": {
    "deep-freeze": {
      "version": "0.0.1",
      "resolved": "https://registry.npmjs.org/deep-freeze/-/deep-freeze-0.0.1.tgz",
      "integrity": "sha1-OgsABd4YZygZ39OM0x+RF5yJPoQ=",
      "dev": true
    }
  }
}
